
Microsoft Visual Studio Solution File, Format Version 12.00
# Visual Studio Version 16
VisualStudioVersion = 16.0.30204.135
MinimumVisualStudioVersion = 10.0.40219.1
Project("{FAE04EC0-301F-11D3-BF4B-00C04F79EFBC}") = "Kullanici_adi_sifre", "Kullanici_adi_sifre\Kullanici_adi_sifre.csproj", "{7EC046FA-B255-4612-BB5B-8D998F7EFCBA}"
EndProject
Global
	GlobalSection(SolutionConfigurationPlatforms) = preSolution
		Debug|Any CPU = Debug|Any CPU
		Release|Any CPU = Release|Any CPU
	EndGlobalSection
	GlobalSection(ProjectConfigurationPlatforms) = postSolution
		{7EC046FA-B255-4612-BB5B-8D998F7EFCBA}.Debug|Any CPU.ActiveCfg = Debug|Any CPU
		{7EC046FA-B255-4612-BB5B-8D998F7EFCBA}.Debug|Any CPU.Build.0 = Debug|Any CPU
		{7EC046FA-B255-4612-BB5B-8D998F7EFCBA}.Release|Any CPU.ActiveCfg = Release|Any CPU
		{7EC046FA-B255-4612-BB5B-8D998F7EFCBA}.Release|Any CPU.Build.0 = Release|Any CPU
	EndGlobalSection
	GlobalSection(SolutionProperties) = preSolution
		HideSolutionNode = FALSE
	EndGlobalSection
	GlobalSection(ExtensibilityGlobals) = postSolution
		SolutionGuid = {D0B04A7F-2F5D-4595-A49A-B1E4FFF64FCE}
	EndGlobalSection
EndGlobal
